// !$*UTF8*$!
{
	archiveVersion = 1;
	classes = {
	};
	objectVersion = 56;
	objects = {

/* Begin PBXBuildFile section */
		4A28C31E2A30B7710065D596 /* DashboardViewController.swift in Sources */ = {isa = PBXBuildFile; fileRef = 4A28C31D2A30B7710065D596 /* DashboardViewController.swift */; };
		4A8035322A3355170042A3E7 /* CHIOTPField in Frameworks */ = {isa = PBXBuildFile; productRef = 4A8035312A3355170042A3E7 /* CHIOTPField */; };
		4A8035342A33775F0042A3E7 /* success.json in Resources */ = {isa = PBXBuildFile; fileRef = 4A8035332A33775F0042A3E7 /* success.json */; };
		4A8035362A3377890042A3E7 /* error.json in Resources */ = {isa = PBXBuildFile; fileRef = 4A8035352A3377890042A3E7 /* error.json */; };
		4A8035382A3413590042A3E7 /* AddAccountViewController.swift in Sources */ = {isa = PBXBuildFile; fileRef = 4A8035372A3413590042A3E7 /* AddAccountViewController.swift */; };
		4A80353A2A342CA70042A3E7 /* AccountController.swift in Sources */ = {isa = PBXBuildFile; fileRef = 4A8035392A342CA70042A3E7 /* AccountController.swift */; };
		4A80353C2A34371C0042A3E7 /* NewAccount.swift in Sources */ = {isa = PBXBuildFile; fileRef = 4A80353B2A34371C0042A3E7 /* NewAccount.swift */; };
		4A80353E2A343E2F0042A3E7 /* AccountTableViewCell.xib in Resources */ = {isa = PBXBuildFile; fileRef = 4A80353D2A343E2F0042A3E7 /* AccountTableViewCell.xib */; };
		4A8035402A343E3A0042A3E7 /* AccountTableViewCell.swift in Sources */ = {isa = PBXBuildFile; fileRef = 4A80353F2A343E3A0042A3E7 /* AccountTableViewCell.swift */; };
		4A8035422A3454DD0042A3E7 /* AccountSelectionView.xib in Resources */ = {isa = PBXBuildFile; fileRef = 4A8035412A3454DD0042A3E7 /* AccountSelectionView.xib */; };
		4A8035442A3454F00042A3E7 /* AccountSelectionView.swift in Sources */ = {isa = PBXBuildFile; fileRef = 4A8035432A3454F00042A3E7 /* AccountSelectionView.swift */; };
		4A8035472A3458AA0042A3E7 /* EzPopup in Frameworks */ = {isa = PBXBuildFile; productRef = 4A8035462A3458AA0042A3E7 /* EzPopup */; };
		4A8AC6A12A330481008B78CB /* ChangePassView.swift in Sources */ = {isa = PBXBuildFile; fileRef = 4A8AC6A02A330481008B78CB /* ChangePassView.swift */; };
		4A8AC6A32A3304BF008B78CB /* ChangePassView.xib in Resources */ = {isa = PBXBuildFile; fileRef = 4A8AC6A22A3304BF008B78CB /* ChangePassView.xib */; };
		4AA2AB502A3215FE001025FA /* DashboardSelectionCell.xib in Resources */ = {isa = PBXBuildFile; fileRef = 4AA2AB4F2A3215FE001025FA /* DashboardSelectionCell.xib */; };
		4AA2AB522A32161D001025FA /* DashboardSelectionCell.swift in Sources */ = {isa = PBXBuildFile; fileRef = 4AA2AB512A32161D001025FA /* DashboardSelectionCell.swift */; };
		4AA2AB542A3218CB001025FA /* DashboardSelection.swift in Sources */ = {isa = PBXBuildFile; fileRef = 4AA2AB532A3218CB001025FA /* DashboardSelection.swift */; };
		4AA4D2F52A31610600B76703 /* CoreDataStack.swift in Sources */ = {isa = PBXBuildFile; fileRef = 4AA4D2F42A31610600B76703 /* CoreDataStack.swift */; };
		4AA4D3092A3169F100B76703 /* MockupTest.xcdatamodeld in Sources */ = {isa = PBXBuildFile; fileRef = 4AA4D2F02A31603F00B76703 /* MockupTest.xcdatamodeld */; };
		4AA4D3142A31B12C00B76703 /* CurrentUserController.swift in Sources */ = {isa = PBXBuildFile; fileRef = 4AA4D3132A31B12C00B76703 /* CurrentUserController.swift */; };
		4AA4D3172A31B1F100B76703 /* CurrentUser.swift in Sources */ = {isa = PBXBuildFile; fileRef = 4AA4D3162A31B1F100B76703 /* CurrentUser.swift */; };
		4AAC37542A2F228A001D12C3 /* AppDelegate.swift in Sources */ = {isa = PBXBuildFile; fileRef = 4AAC37532A2F228A001D12C3 /* AppDelegate.swift */; };
		4AAC37562A2F228A001D12C3 /* SceneDelegate.swift in Sources */ = {isa = PBXBuildFile; fileRef = 4AAC37552A2F228A001D12C3 /* SceneDelegate.swift */; };
		4AAC37582A2F228A001D12C3 /* SplashViewController.swift in Sources */ = {isa = PBXBuildFile; fileRef = 4AAC37572A2F228A001D12C3 /* SplashViewController.swift */; };
		4AAC375B2A2F228A001D12C3 /* Main.storyboard in Resources */ = {isa = PBXBuildFile; fileRef = 4AAC37592A2F228A001D12C3 /* Main.storyboard */; };
		4AAC37602A2F228B001D12C3 /* Assets.xcassets in Resources */ = {isa = PBXBuildFile; fileRef = 4AAC375F2A2F228B001D12C3 /* Assets.xcassets */; };
		4AAC37632A2F228B001D12C3 /* LaunchScreen.storyboard in Resources */ = {isa = PBXBuildFile; fileRef = 4AAC37612A2F228B001D12C3 /* LaunchScreen.storyboard */; };
		4AAC376E2A2F228C001D12C3 /* MockupTestTests.swift in Sources */ = {isa = PBXBuildFile; fileRef = 4AAC376D2A2F228C001D12C3 /* MockupTestTests.swift */; };
		4AAC37782A2F228C001D12C3 /* MockupTestUITests.swift in Sources */ = {isa = PBXBuildFile; fileRef = 4AAC37772A2F228C001D12C3 /* MockupTestUITests.swift */; };
		4AAC377A2A2F228C001D12C3 /* MockupTestUITestsLaunchTests.swift in Sources */ = {isa = PBXBuildFile; fileRef = 4AAC37792A2F228C001D12C3 /* MockupTestUITestsLaunchTests.swift */; };
		4AC2D8B32A32A98F00646881 /* passwordUnlock.json in Resources */ = {isa = PBXBuildFile; fileRef = 4AC2D8B22A32A98F00646881 /* passwordUnlock.json */; };
		4AC2D8B72A32AFFA00646881 /* SettingsViewController.swift in Sources */ = {isa = PBXBuildFile; fileRef = 4AC2D8B62A32AFFA00646881 /* SettingsViewController.swift */; };
		4AC2D8B92A32B2A500646881 /* DashboardTabController.swift in Sources */ = {isa = PBXBuildFile; fileRef = 4AC2D8B82A32B2A500646881 /* DashboardTabController.swift */; };
		4AE093C72A32D1BD006F297F /* ChangePassViewController.swift in Sources */ = {isa = PBXBuildFile; fileRef = 4AE093C62A32D1BD006F297F /* ChangePassViewController.swift */; };
		4AE0A3222A300B6300B7AFBB /* SkyFloatingLabelTextField in Frameworks */ = {isa = PBXBuildFile; productRef = 4AE0A3212A300B6300B7AFBB /* SkyFloatingLabelTextField */; };
		4AE0A3252A300C9F00B7AFBB /* SignUpView.xib in Resources */ = {isa = PBXBuildFile; fileRef = 4AE0A3242A300C9F00B7AFBB /* SignUpView.xib */; };
		4AE0A3272A300D9100B7AFBB /* SignUpView.swift in Sources */ = {isa = PBXBuildFile; fileRef = 4AE0A3262A300D9100B7AFBB /* SignUpView.swift */; };
		4AE0A32D2A301CA000B7AFBB /* FINNBottomSheet in Frameworks */ = {isa = PBXBuildFile; productRef = 4AE0A32C2A301CA000B7AFBB /* FINNBottomSheet */; };
		4AE0A32F2A30578900B7AFBB /* NSAttributedStringExtension.swift in Sources */ = {isa = PBXBuildFile; fileRef = 4AE0A32E2A30578900B7AFBB /* NSAttributedStringExtension.swift */; };
		4AE0A3312A30596500B7AFBB /* UITapGestureRecognizer+Extension.swift in Sources */ = {isa = PBXBuildFile; fileRef = 4AE0A3302A30596500B7AFBB /* UITapGestureRecognizer+Extension.swift */; };
		4AE0A3332A3063FC00B7AFBB /* Optional+Extension.swift in Sources */ = {isa = PBXBuildFile; fileRef = 4AE0A3322A3063FC00B7AFBB /* Optional+Extension.swift */; };
		4AE0A3362A306CDA00B7AFBB /* SignInView.swift in Sources */ = {isa = PBXBuildFile; fileRef = 4AE0A3352A306CDA00B7AFBB /* SignInView.swift */; };
		4AE0A3382A306CE500B7AFBB /* SignInView.xib in Resources */ = {isa = PBXBuildFile; fileRef = 4AE0A3372A306CE500B7AFBB /* SignInView.xib */; };
		4AE0A33D2A3077CF00B7AFBB /* GoogleService-Info.plist in Resources */ = {isa = PBXBuildFile; fileRef = 4AE0A33C2A3077CF00B7AFBB /* GoogleService-Info.plist */; };
		4AE0A3402A307CEA00B7AFBB /* FirebaseAnalytics in Frameworks */ = {isa = PBXBuildFile; productRef = 4AE0A33F2A307CEA00B7AFBB /* FirebaseAnalytics */; };
		4AE0A3422A307CEA00B7AFBB /* FirebaseAnalyticsWithoutAdIdSupport in Frameworks */ = {isa = PBXBuildFile; productRef = 4AE0A3412A307CEA00B7AFBB /* FirebaseAnalyticsWithoutAdIdSupport */; };
		4AE0A3442A307CEA00B7AFBB /* FirebaseAuth in Frameworks */ = {isa = PBXBuildFile; productRef = 4AE0A3432A307CEA00B7AFBB /* FirebaseAuth */; };
		4AE11B6C2A2F2EAF00C931F0 /* Lottie in Frameworks */ = {isa = PBXBuildFile; productRef = 4AE11B6B2A2F2EAF00C931F0 /* Lottie */; };
		4AE11B6F2A2F323B00C931F0 /* OnboardViewController.swift in Sources */ = {isa = PBXBuildFile; fileRef = 4AE11B6E2A2F323B00C931F0 /* OnboardViewController.swift */; };
		4AE11B722A2F3FF000C931F0 /* UIViewController+Extension.swift in Sources */ = {isa = PBXBuildFile; fileRef = 4AE11B712A2F3FF000C931F0 /* UIViewController+Extension.swift */; };
		4AE11B742A2F40A500C931F0 /* animationLock.json in Resources */ = {isa = PBXBuildFile; fileRef = 4AE11B732A2F40A400C931F0 /* animationLock.json */; };
		4AE11B762A2F5B3300C931F0 /* UIView+Extension.swift in Sources */ = {isa = PBXBuildFile; fileRef = 4AE11B752A2F5B3300C931F0 /* UIView+Extension.swift */; };
		4AE11B782A2F5E0F00C931F0 /* SignUpViewController.swift in Sources */ = {isa = PBXBuildFile; fileRef = 4AE11B772A2F5E0F00C931F0 /* SignUpViewController.swift */; };
		4AE11B7A2A2F5E1E00C931F0 /* SignInViewController.swift in Sources */ = {isa = PBXBuildFile; fileRef = 4AE11B792A2F5E1E00C931F0 /* SignInViewController.swift */; };
		4AE11B7C2A2F61A500C931F0 /* TSViewController.swift in Sources */ = {isa = PBXBuildFile; fileRef = 4AE11B7B2A2F61A500C931F0 /* TSViewController.swift */; };
		4AE11B7E2A2F634D00C931F0 /* UIBarButton+Extension.swift in Sources */ = {isa = PBXBuildFile; fileRef = 4AE11B7D2A2F634D00C931F0 /* UIBarButton+Extension.swift */; };
		4AE11B802A2F638A00C931F0 /* UIButton+Extension.swift in Sources */ = {isa = PBXBuildFile; fileRef = 4AE11B7F2A2F638A00C931F0 /* UIButton+Extension.swift */; };
		4AE11B822A2F646B00C931F0 /* Action.swift in Sources */ = {isa = PBXBuildFile; fileRef = 4AE11B812A2F646B00C931F0 /* Action.swift */; };
		4C3FB2E551F079166E4EEA58 /* Pods_MockupTest.framework in Frameworks */ = {isa = PBXBuildFile; fileRef = 3430538548ECC34796328987 /* Pods_MockupTest.framework */; };
		9D41EB123F862E2936A0411D /* Pods_MockupTestTests.framework in Frameworks */ = {isa = PBXBuildFile; fileRef = 2BF0C6228B4B1FDF0CC315EB /* Pods_MockupTestTests.framework */; };
		C36BAE638EF1B1654C3AEEBE /* Pods_MockupTest_MockupTestUITests.framework in Frameworks */ = {isa = PBXBuildFile; fileRef = 43B7E343E1D353DC5660222E /* Pods_MockupTest_MockupTestUITests.framework */; };
/* End PBXBuildFile section */

/* Begin PBXContainerItemProxy section */
		4AAC376A2A2F228C001D12C3 /* PBXContainerItemProxy */ = {
			isa = PBXContainerItemProxy;
			containerPortal = 4AAC37482A2F228A001D12C3 /* Project object */;
			proxyType = 1;
			remoteGlobalIDString = 4AAC374F2A2F228A001D12C3;
			remoteInfo = MockupTest;
		};
		4AAC37742A2F228C001D12C3 /* PBXContainerItemProxy */ = {
			isa = PBXContainerItemProxy;
			containerPortal = 4AAC37482A2F228A001D12C3 /* Project object */;
			proxyType = 1;
			remoteGlobalIDString = 4AAC374F2A2F228A001D12C3;
			remoteInfo = MockupTest;
		};
/* End PBXContainerItemProxy section */

/* Begin PBXFileReference section */
		01472DFEDAF8D8DC3302B57D /* Pods-MockupTest-MockupTestUITests.debug.xcconfig */ = {isa = PBXFileReference; includeInIndex = 1; lastKnownFileType = text.xcconfig; name = "Pods-MockupTest-MockupTestUITests.debug.xcconfig"; path = "Target Support Files/Pods-MockupTest-MockupTestUITests/Pods-MockupTest-MockupTestUITests.debug.xcconfig"; sourceTree = "<group>"; };
		1B76BB1D47787A2777FC81E6 /* Pods-MockupTestTests.debug.xcconfig */ = {isa = PBXFileReference; includeInIndex = 1; lastKnownFileType = text.xcconfig; name = "Pods-MockupTestTests.debug.xcconfig"; path = "Target Support Files/Pods-MockupTestTests/Pods-MockupTestTests.debug.xcconfig"; sourceTree = "<group>"; };
		2BF0C6228B4B1FDF0CC315EB /* Pods_MockupTestTests.framework */ = {isa = PBXFileReference; explicitFileType = wrapper.framework; includeInIndex = 0; path = Pods_MockupTestTests.framework; sourceTree = BUILT_PRODUCTS_DIR; };
		2D473B4538EC1C5B4249BB6C /* Pods-MockupTest-MockupTestUITests.release.xcconfig */ = {isa = PBXFileReference; includeInIndex = 1; lastKnownFileType = text.xcconfig; name = "Pods-MockupTest-MockupTestUITests.release.xcconfig"; path = "Target Support Files/Pods-MockupTest-MockupTestUITests/Pods-MockupTest-MockupTestUITests.release.xcconfig"; sourceTree = "<group>"; };
		3430538548ECC34796328987 /* Pods_MockupTest.framework */ = {isa = PBXFileReference; explicitFileType = wrapper.framework; includeInIndex = 0; path = Pods_MockupTest.framework; sourceTree = BUILT_PRODUCTS_DIR; };
		43B7E343E1D353DC5660222E /* Pods_MockupTest_MockupTestUITests.framework */ = {isa = PBXFileReference; explicitFileType = wrapper.framework; includeInIndex = 0; path = Pods_MockupTest_MockupTestUITests.framework; sourceTree = BUILT_PRODUCTS_DIR; };
		4A0707B4756BE1D15A171202 /* Pods-MockupTest.debug.xcconfig */ = {isa = PBXFileReference; includeInIndex = 1; lastKnownFileType = text.xcconfig; name = "Pods-MockupTest.debug.xcconfig"; path = "Target Support Files/Pods-MockupTest/Pods-MockupTest.debug.xcconfig"; sourceTree = "<group>"; };
		4A28C31D2A30B7710065D596 /* DashboardViewController.swift */ = {isa = PBXFileReference; lastKnownFileType = sourcecode.swift; path = DashboardViewController.swift; sourceTree = "<group>"; };
		4A8035332A33775F0042A3E7 /* success.json */ = {isa = PBXFileReference; fileEncoding = 4; lastKnownFileType = text.json; path = success.json; sourceTree = "<group>"; };
		4A8035352A3377890042A3E7 /* error.json */ = {isa = PBXFileReference; fileEncoding = 4; lastKnownFileType = text.json; path = error.json; sourceTree = "<group>"; };
		4A8035372A3413590042A3E7 /* AddAccountViewController.swift */ = {isa = PBXFileReference; lastKnownFileType = sourcecode.swift; path = AddAccountViewController.swift; sourceTree = "<group>"; };
		4A8035392A342CA70042A3E7 /* AccountController.swift */ = {isa = PBXFileReference; lastKnownFileType = sourcecode.swift; path = AccountController.swift; sourceTree = "<group>"; };
		4A80353B2A34371C0042A3E7 /* NewAccount.swift */ = {isa = PBXFileReference; lastKnownFileType = sourcecode.swift; path = NewAccount.swift; sourceTree = "<group>"; };
		4A80353D2A343E2F0042A3E7 /* AccountTableViewCell.xib */ = {isa = PBXFileReference; lastKnownFileType = file.xib; path = AccountTableViewCell.xib; sourceTree = "<group>"; };
		4A80353F2A343E3A0042A3E7 /* AccountTableViewCell.swift */ = {isa = PBXFileReference; lastKnownFileType = sourcecode.swift; path = AccountTableViewCell.swift; sourceTree = "<group>"; };
		4A8035412A3454DD0042A3E7 /* AccountSelectionView.xib */ = {isa = PBXFileReference; lastKnownFileType = file.xib; path = AccountSelectionView.xib; sourceTree = "<group>"; };
		4A8035432A3454F00042A3E7 /* AccountSelectionView.swift */ = {isa = PBXFileReference; lastKnownFileType = sourcecode.swift; path = AccountSelectionView.swift; sourceTree = "<group>"; };
		4A8AC6A02A330481008B78CB /* ChangePassView.swift */ = {isa = PBXFileReference; lastKnownFileType = sourcecode.swift; path = ChangePassView.swift; sourceTree = "<group>"; };
		4A8AC6A22A3304BF008B78CB /* ChangePassView.xib */ = {isa = PBXFileReference; lastKnownFileType = file.xib; path = ChangePassView.xib; sourceTree = "<group>"; };
		4AA2AB4F2A3215FE001025FA /* DashboardSelectionCell.xib */ = {isa = PBXFileReference; lastKnownFileType = file.xib; path = DashboardSelectionCell.xib; sourceTree = "<group>"; };
		4AA2AB512A32161D001025FA /* DashboardSelectionCell.swift */ = {isa = PBXFileReference; lastKnownFileType = sourcecode.swift; path = DashboardSelectionCell.swift; sourceTree = "<group>"; };
		4AA2AB532A3218CB001025FA /* DashboardSelection.swift */ = {isa = PBXFileReference; lastKnownFileType = sourcecode.swift; path = DashboardSelection.swift; sourceTree = "<group>"; };
		4AA4D2F12A31603F00B76703 /* MockupTest.xcdatamodel */ = {isa = PBXFileReference; lastKnownFileType = wrapper.xcdatamodel; path = MockupTest.xcdatamodel; sourceTree = "<group>"; };
		4AA4D2F42A31610600B76703 /* CoreDataStack.swift */ = {isa = PBXFileReference; lastKnownFileType = sourcecode.swift; path = CoreDataStack.swift; sourceTree = "<group>"; };
		4AA4D3132A31B12C00B76703 /* CurrentUserController.swift */ = {isa = PBXFileReference; lastKnownFileType = sourcecode.swift; path = CurrentUserController.swift; sourceTree = "<group>"; };
		4AA4D3162A31B1F100B76703 /* CurrentUser.swift */ = {isa = PBXFileReference; lastKnownFileType = sourcecode.swift; path = CurrentUser.swift; sourceTree = "<group>"; };
		4AAC37502A2F228A001D12C3 /* MockupTest.app */ = {isa = PBXFileReference; explicitFileType = wrapper.application; includeInIndex = 0; path = MockupTest.app; sourceTree = BUILT_PRODUCTS_DIR; };
		4AAC37532A2F228A001D12C3 /* AppDelegate.swift */ = {isa = PBXFileReference; lastKnownFileType = sourcecode.swift; path = AppDelegate.swift; sourceTree = "<group>"; };
		4AAC37552A2F228A001D12C3 /* SceneDelegate.swift */ = {isa = PBXFileReference; lastKnownFileType = sourcecode.swift; path = SceneDelegate.swift; sourceTree = "<group>"; };
		4AAC37572A2F228A001D12C3 /* SplashViewController.swift */ = {isa = PBXFileReference; lastKnownFileType = sourcecode.swift; path = SplashViewController.swift; sourceTree = "<group>"; };
		4AAC375A2A2F228A001D12C3 /* Base */ = {isa = PBXFileReference; lastKnownFileType = file.storyboard; name = Base; path = Base.lproj/Main.storyboard; sourceTree = "<group>"; };
		4AAC375F2A2F228B001D12C3 /* Assets.xcassets */ = {isa = PBXFileReference; lastKnownFileType = folder.assetcatalog; path = Assets.xcassets; sourceTree = "<group>"; };
		4AAC37622A2F228B001D12C3 /* Base */ = {isa = PBXFileReference; lastKnownFileType = file.storyboard; name = Base; path = Base.lproj/LaunchScreen.storyboard; sourceTree = "<group>"; };
		4AAC37642A2F228B001D12C3 /* Info.plist */ = {isa = PBXFileReference; lastKnownFileType = text.plist.xml; path = Info.plist; sourceTree = "<group>"; };
		4AAC37692A2F228C001D12C3 /* MockupTestTests.xctest */ = {isa = PBXFileReference; explicitFileType = wrapper.cfbundle; includeInIndex = 0; path = MockupTestTests.xctest; sourceTree = BUILT_PRODUCTS_DIR; };
		4AAC376D2A2F228C001D12C3 /* MockupTestTests.swift */ = {isa = PBXFileReference; lastKnownFileType = sourcecode.swift; path = MockupTestTests.swift; sourceTree = "<group>"; };
		4AAC37732A2F228C001D12C3 /* MockupTestUITests.xctest */ = {isa = PBXFileReference; explicitFileType = wrapper.cfbundle; includeInIndex = 0; path = MockupTestUITests.xctest; sourceTree = BUILT_PRODUCTS_DIR; };
		4AAC37772A2F228C001D12C3 /* MockupTestUITests.swift */ = {isa = PBXFileReference; lastKnownFileType = sourcecode.swift; path = MockupTestUITests.swift; sourceTree = "<group>"; };
		4AAC37792A2F228C001D12C3 /* MockupTestUITestsLaunchTests.swift */ = {isa = PBXFileReference; lastKnownFileType = sourcecode.swift; path = MockupTestUITestsLaunchTests.swift; sourceTree = "<group>"; };
		4AC2D8B22A32A98F00646881 /* passwordUnlock.json */ = {isa = PBXFileReference; fileEncoding = 4; lastKnownFileType = text.json; path = passwordUnlock.json; sourceTree = "<group>"; };
		4AC2D8B62A32AFFA00646881 /* SettingsViewController.swift */ = {isa = PBXFileReference; lastKnownFileType = sourcecode.swift; path = SettingsViewController.swift; sourceTree = "<group>"; };
		4AC2D8B82A32B2A500646881 /* DashboardTabController.swift */ = {isa = PBXFileReference; lastKnownFileType = sourcecode.swift; path = DashboardTabController.swift; sourceTree = "<group>"; };
		4AE093C62A32D1BD006F297F /* ChangePassViewController.swift */ = {isa = PBXFileReference; lastKnownFileType = sourcecode.swift; path = ChangePassViewController.swift; sourceTree = "<group>"; };
		4AE0A3242A300C9F00B7AFBB /* SignUpView.xib */ = {isa = PBXFileReference; lastKnownFileType = file.xib; path = SignUpView.xib; sourceTree = "<group>"; };
		4AE0A3262A300D9100B7AFBB /* SignUpView.swift */ = {isa = PBXFileReference; lastKnownFileType = sourcecode.swift; path = SignUpView.swift; sourceTree = "<group>"; };
		4AE0A32E2A30578900B7AFBB /* NSAttributedStringExtension.swift */ = {isa = PBXFileReference; lastKnownFileType = sourcecode.swift; path = NSAttributedStringExtension.swift; sourceTree = "<group>"; };
		4AE0A3302A30596500B7AFBB /* UITapGestureRecognizer+Extension.swift */ = {isa = PBXFileReference; lastKnownFileType = sourcecode.swift; path = "UITapGestureRecognizer+Extension.swift"; sourceTree = "<group>"; };
		4AE0A3322A3063FC00B7AFBB /* Optional+Extension.swift */ = {isa = PBXFileReference; lastKnownFileType = sourcecode.swift; path = "Optional+Extension.swift"; sourceTree = "<group>"; };
		4AE0A3342A30661800B7AFBB /* MockupTest.entitlements */ = {isa = PBXFileReference; lastKnownFileType = text.plist.entitlements; path = MockupTest.entitlements; sourceTree = "<group>"; };
		4AE0A3352A306CDA00B7AFBB /* SignInView.swift */ = {isa = PBXFileReference; lastKnownFileType = sourcecode.swift; path = SignInView.swift; sourceTree = "<group>"; };
		4AE0A3372A306CE500B7AFBB /* SignInView.xib */ = {isa = PBXFileReference; lastKnownFileType = file.xib; path = SignInView.xib; sourceTree = "<group>"; };
		4AE0A33C2A3077CF00B7AFBB /* GoogleService-Info.plist */ = {isa = PBXFileReference; fileEncoding = 4; lastKnownFileType = text.plist.xml; path = "GoogleService-Info.plist"; sourceTree = "<group>"; };
		4AE11B6E2A2F323B00C931F0 /* OnboardViewController.swift */ = {isa = PBXFileReference; lastKnownFileType = sourcecode.swift; path = OnboardViewController.swift; sourceTree = "<group>"; };
		4AE11B712A2F3FF000C931F0 /* UIViewController+Extension.swift */ = {isa = PBXFileReference; lastKnownFileType = sourcecode.swift; path = "UIViewController+Extension.swift"; sourceTree = "<group>"; };
		4AE11B732A2F40A400C931F0 /* animationLock.json */ = {isa = PBXFileReference; fileEncoding = 4; lastKnownFileType = text.json; path = animationLock.json; sourceTree = "<group>"; };
		4AE11B752A2F5B3300C931F0 /* UIView+Extension.swift */ = {isa = PBXFileReference; lastKnownFileType = sourcecode.swift; path = "UIView+Extension.swift"; sourceTree = "<group>"; };
		4AE11B772A2F5E0F00C931F0 /* SignUpViewController.swift */ = {isa = PBXFileReference; lastKnownFileType = sourcecode.swift; path = SignUpViewController.swift; sourceTree = "<group>"; };
		4AE11B792A2F5E1E00C931F0 /* SignInViewController.swift */ = {isa = PBXFileReference; lastKnownFileType = sourcecode.swift; path = SignInViewController.swift; sourceTree = "<group>"; };
		4AE11B7B2A2F61A500C931F0 /* TSViewController.swift */ = {isa = PBXFileReference; lastKnownFileType = sourcecode.swift; path = TSViewController.swift; sourceTree = "<group>"; };
		4AE11B7D2A2F634D00C931F0 /* UIBarButton+Extension.swift */ = {isa = PBXFileReference; lastKnownFileType = sourcecode.swift; path = "UIBarButton+Extension.swift"; sourceTree = "<group>"; };
		4AE11B7F2A2F638A00C931F0 /* UIButton+Extension.swift */ = {isa = PBXFileReference; lastKnownFileType = sourcecode.swift; path = "UIButton+Extension.swift"; sourceTree = "<group>"; };
		4AE11B812A2F646B00C931F0 /* Action.swift */ = {isa = PBXFileReference; lastKnownFileType = sourcecode.swift; path = Action.swift; sourceTree = "<group>"; };
		54624468F8B5D436BEBA225B /* Pods-MockupTest.release.xcconfig */ = {isa = PBXFileReference; includeInIndex = 1; lastKnownFileType = text.xcconfig; name = "Pods-MockupTest.release.xcconfig"; path = "Target Support Files/Pods-MockupTest/Pods-MockupTest.release.xcconfig"; sourceTree = "<group>"; };
		BAEE6DDEEB9C616D78A63880 /* Pods-MockupTestTests.release.xcconfig */ = {isa = PBXFileReference; includeInIndex = 1; lastKnownFileType = text.xcconfig; name = "Pods-MockupTestTests.release.xcconfig"; path = "Target Support Files/Pods-MockupTestTests/Pods-MockupTestTests.release.xcconfig"; sourceTree = "<group>"; };
/* End PBXFileReference section */

/* Begin PBXFrameworksBuildPhase section */
		4AAC374D2A2F228A001D12C3 /* Frameworks */ = {
			isa = PBXFrameworksBuildPhase;
			buildActionMask = 2147483647;
			files = (
				4AE0A3222A300B6300B7AFBB /* SkyFloatingLabelTextField in Frameworks */,
				4AE0A3422A307CEA00B7AFBB /* FirebaseAnalyticsWithoutAdIdSupport in Frameworks */,
				4C3FB2E551F079166E4EEA58 /* Pods_MockupTest.framework in Frameworks */,
				4AE0A32D2A301CA000B7AFBB /* FINNBottomSheet in Frameworks */,
				4AE0A3402A307CEA00B7AFBB /* FirebaseAnalytics in Frameworks */,
				4AE0A3442A307CEA00B7AFBB /* FirebaseAuth in Frameworks */,
				4A8035472A3458AA0042A3E7 /* EzPopup in Frameworks */,
				4A8035322A3355170042A3E7 /* CHIOTPField in Frameworks */,
				4AE11B6C2A2F2EAF00C931F0 /* Lottie in Frameworks */,
			);
			runOnlyForDeploymentPostprocessing = 0;
		};
		4AAC37662A2F228C001D12C3 /* Frameworks */ = {
			isa = PBXFrameworksBuildPhase;
			buildActionMask = 2147483647;
			files = (
				9D41EB123F862E2936A0411D /* Pods_MockupTestTests.framework in Frameworks */,
			);
			runOnlyForDeploymentPostprocessing = 0;
		};
		4AAC37702A2F228C001D12C3 /* Frameworks */ = {
			isa = PBXFrameworksBuildPhase;
			buildActionMask = 2147483647;
			files = (
				C36BAE638EF1B1654C3AEEBE /* Pods_MockupTest_MockupTestUITests.framework in Frameworks */,
			);
			runOnlyForDeploymentPostprocessing = 0;
		};
/* End PBXFrameworksBuildPhase section */

/* Begin PBXGroup section */
		02ECEC5EAD1DD476FB3E9244 /* Frameworks */ = {
			isa = PBXGroup;
			children = (
				3430538548ECC34796328987 /* Pods_MockupTest.framework */,
				43B7E343E1D353DC5660222E /* Pods_MockupTest_MockupTestUITests.framework */,
				2BF0C6228B4B1FDF0CC315EB /* Pods_MockupTestTests.framework */,
			);
			name = Frameworks;
			sourceTree = "<group>";
		};
		4AA4D2F32A31606000B76703 /* CoreData */ = {
			isa = PBXGroup;
			children = (
				4AA4D2F42A31610600B76703 /* CoreDataStack.swift */,
			);
			path = CoreData;
			sourceTree = "<group>";
		};
		4AA4D3122A31B11F00B76703 /* Controller */ = {
			isa = PBXGroup;
			children = (
				4AA4D3132A31B12C00B76703 /* CurrentUserController.swift */,
				4A8035392A342CA70042A3E7 /* AccountController.swift */,
			);
			path = Controller;
			sourceTree = "<group>";
		};
		4AA4D3152A31B1E600B76703 /* Model */ = {
			isa = PBXGroup;
			children = (
				4AA4D3162A31B1F100B76703 /* CurrentUser.swift */,
				4AA2AB532A3218CB001025FA /* DashboardSelection.swift */,
				4A80353B2A34371C0042A3E7 /* NewAccount.swift */,
			);
			path = Model;
			sourceTree = "<group>";
		};
		4AAC37472A2F228A001D12C3 = {
			isa = PBXGroup;
			children = (
				4AA4D2F32A31606000B76703 /* CoreData */,
				4AA4D2F02A31603F00B76703 /* MockupTest.xcdatamodeld */,
				4AAC37522A2F228A001D12C3 /* MockupTest */,
				4AAC376C2A2F228C001D12C3 /* MockupTestTests */,
				4AAC37762A2F228C001D12C3 /* MockupTestUITests */,
				4AAC37512A2F228A001D12C3 /* Products */,
				55B75F0CF06C381C3200F690 /* Pods */,
				02ECEC5EAD1DD476FB3E9244 /* Frameworks */,
			);
			sourceTree = "<group>";
		};
		4AAC37512A2F228A001D12C3 /* Products */ = {
			isa = PBXGroup;
			children = (
				4AAC37502A2F228A001D12C3 /* MockupTest.app */,
				4AAC37692A2F228C001D12C3 /* MockupTestTests.xctest */,
				4AAC37732A2F228C001D12C3 /* MockupTestUITests.xctest */,
			);
			name = Products;
			sourceTree = "<group>";
		};
		4AAC37522A2F228A001D12C3 /* MockupTest */ = {
			isa = PBXGroup;
			children = (
				4AA4D3152A31B1E600B76703 /* Model */,
				4AA4D3122A31B11F00B76703 /* Controller */,
				4AE0A3342A30661800B7AFBB /* MockupTest.entitlements */,
				4AE11B702A2F3FDD00C931F0 /* Extensions */,
				4AE11B6D2A2F31E700C931F0 /* View */,
				4AFBC8B42A2F2682005D0746 /* Resources */,
				4AAC37532A2F228A001D12C3 /* AppDelegate.swift */,
				4AAC37552A2F228A001D12C3 /* SceneDelegate.swift */,
				4AAC37592A2F228A001D12C3 /* Main.storyboard */,
				4AAC375F2A2F228B001D12C3 /* Assets.xcassets */,
				4AAC37612A2F228B001D12C3 /* LaunchScreen.storyboard */,
				4AAC37642A2F228B001D12C3 /* Info.plist */,
				4AE0A33C2A3077CF00B7AFBB /* GoogleService-Info.plist */,
			);
			path = MockupTest;
			sourceTree = "<group>";
		};
		4AAC376C2A2F228C001D12C3 /* MockupTestTests */ = {
			isa = PBXGroup;
			children = (
				4AAC376D2A2F228C001D12C3 /* MockupTestTests.swift */,
			);
			path = MockupTestTests;
			sourceTree = "<group>";
		};
		4AAC37762A2F228C001D12C3 /* MockupTestUITests */ = {
			isa = PBXGroup;
			children = (
				4AAC37772A2F228C001D12C3 /* MockupTestUITests.swift */,
				4AAC37792A2F228C001D12C3 /* MockupTestUITestsLaunchTests.swift */,
			);
			path = MockupTestUITests;
			sourceTree = "<group>";
		};
		4AE0A3232A300C8B00B7AFBB /* SubView */ = {
			isa = PBXGroup;
			children = (
				4AE0A3242A300C9F00B7AFBB /* SignUpView.xib */,
				4AE0A3262A300D9100B7AFBB /* SignUpView.swift */,
				4AE0A3352A306CDA00B7AFBB /* SignInView.swift */,
				4AE0A3372A306CE500B7AFBB /* SignInView.xib */,
				4AA2AB4F2A3215FE001025FA /* DashboardSelectionCell.xib */,
				4AA2AB512A32161D001025FA /* DashboardSelectionCell.swift */,
				4A8AC6A02A330481008B78CB /* ChangePassView.swift */,
				4A8AC6A22A3304BF008B78CB /* ChangePassView.xib */,
				4A80353D2A343E2F0042A3E7 /* AccountTableViewCell.xib */,
				4A80353F2A343E3A0042A3E7 /* AccountTableViewCell.swift */,
				4A8035412A3454DD0042A3E7 /* AccountSelectionView.xib */,
				4A8035432A3454F00042A3E7 /* AccountSelectionView.swift */,
			);
			path = SubView;
			sourceTree = "<group>";
		};
		4AE11B6D2A2F31E700C931F0 /* View */ = {
			isa = PBXGroup;
			children = (
				4AE0A3232A300C8B00B7AFBB /* SubView */,
				4AAC37572A2F228A001D12C3 /* SplashViewController.swift */,
				4AE11B6E2A2F323B00C931F0 /* OnboardViewController.swift */,
				4AE11B772A2F5E0F00C931F0 /* SignUpViewController.swift */,
				4AE11B792A2F5E1E00C931F0 /* SignInViewController.swift */,
				4A28C31D2A30B7710065D596 /* DashboardViewController.swift */,
				4AC2D8B62A32AFFA00646881 /* SettingsViewController.swift */,
				4AC2D8B82A32B2A500646881 /* DashboardTabController.swift */,
				4AE093C62A32D1BD006F297F /* ChangePassViewController.swift */,
				4A8035372A3413590042A3E7 /* AddAccountViewController.swift */,
			);
			path = View;
			sourceTree = "<group>";
		};
		4AE11B702A2F3FDD00C931F0 /* Extensions */ = {
			isa = PBXGroup;
			children = (
				4AE11B712A2F3FF000C931F0 /* UIViewController+Extension.swift */,
				4AE11B752A2F5B3300C931F0 /* UIView+Extension.swift */,
				4AE11B7B2A2F61A500C931F0 /* TSViewController.swift */,
				4AE11B7D2A2F634D00C931F0 /* UIBarButton+Extension.swift */,
				4AE11B7F2A2F638A00C931F0 /* UIButton+Extension.swift */,
				4AE11B812A2F646B00C931F0 /* Action.swift */,
				4AE0A32E2A30578900B7AFBB /* NSAttributedStringExtension.swift */,
				4AE0A3302A30596500B7AFBB /* UITapGestureRecognizer+Extension.swift */,
				4AE0A3322A3063FC00B7AFBB /* Optional+Extension.swift */,
			);
			path = Extensions;
			sourceTree = "<group>";
		};
		4AFBC8B42A2F2682005D0746 /* Resources */ = {
			isa = PBXGroup;
			children = (
				4A8035352A3377890042A3E7 /* error.json */,
				4A8035332A33775F0042A3E7 /* success.json */,
				4AC2D8B22A32A98F00646881 /* passwordUnlock.json */,
				4AE11B732A2F40A400C931F0 /* animationLock.json */,
			);
			path = Resources;
			sourceTree = "<group>";
		};
		55B75F0CF06C381C3200F690 /* Pods */ = {
			isa = PBXGroup;
			children = (
				4A0707B4756BE1D15A171202 /* Pods-MockupTest.debug.xcconfig */,
				54624468F8B5D436BEBA225B /* Pods-MockupTest.release.xcconfig */,
				01472DFEDAF8D8DC3302B57D /* Pods-MockupTest-MockupTestUITests.debug.xcconfig */,
				2D473B4538EC1C5B4249BB6C /* Pods-MockupTest-MockupTestUITests.release.xcconfig */,
				1B76BB1D47787A2777FC81E6 /* Pods-MockupTestTests.debug.xcconfig */,
				BAEE6DDEEB9C616D78A63880 /* Pods-MockupTestTests.release.xcconfig */,
			);
			path = Pods;
			sourceTree = "<group>";
		};
/* End PBXGroup section */

/* Begin PBXNativeTarget section */
		4AAC374F2A2F228A001D12C3 /* MockupTest */ = {
			isa = PBXNativeTarget;
			buildConfigurationList = 4AAC377D2A2F228C001D12C3 /* Build configuration list for PBXNativeTarget "MockupTest" */;
			buildPhases = (
				79B620EF9C58A6187F07D49B /* [CP] Check Pods Manifest.lock */,
				4AAC374C2A2F228A001D12C3 /* Sources */,
				4AAC374D2A2F228A001D12C3 /* Frameworks */,
				4AAC374E2A2F228A001D12C3 /* Resources */,
				75F21EB1A7F87D765F9F0E71 /* [CP] Embed Pods Frameworks */,
			);
			buildRules = (
			);
			dependencies = (
			);
			name = MockupTest;
			packageProductDependencies = (
				4AE11B6B2A2F2EAF00C931F0 /* Lottie */,
				4AE0A3212A300B6300B7AFBB /* SkyFloatingLabelTextField */,
				4AE0A32C2A301CA000B7AFBB /* FINNBottomSheet */,
				4AE0A33F2A307CEA00B7AFBB /* FirebaseAnalytics */,
				4AE0A3412A307CEA00B7AFBB /* FirebaseAnalyticsWithoutAdIdSupport */,
				4AE0A3432A307CEA00B7AFBB /* FirebaseAuth */,
				4A8035312A3355170042A3E7 /* CHIOTPField */,
				4A8035462A3458AA0042A3E7 /* EzPopup */,
			);
			productName = MockupTest;
			productReference = 4AAC37502A2F228A001D12C3 /* MockupTest.app */;
			productType = "com.apple.product-type.application";
		};
		4AAC37682A2F228C001D12C3 /* MockupTestTests */ = {
			isa = PBXNativeTarget;
			buildConfigurationList = 4AAC37802A2F228C001D12C3 /* Build configuration list for PBXNativeTarget "MockupTestTests" */;
			buildPhases = (
				9EC694BDFECBDB2186DAE2CC /* [CP] Check Pods Manifest.lock */,
				4AAC37652A2F228C001D12C3 /* Sources */,
				4AAC37662A2F228C001D12C3 /* Frameworks */,
				4AAC37672A2F228C001D12C3 /* Resources */,
			);
			buildRules = (
			);
			dependencies = (
				4AAC376B2A2F228C001D12C3 /* PBXTargetDependency */,
			);
			name = MockupTestTests;
			productName = MockupTestTests;
			productReference = 4AAC37692A2F228C001D12C3 /* MockupTestTests.xctest */;
			productType = "com.apple.product-type.bundle.unit-test";
		};
		4AAC37722A2F228C001D12C3 /* MockupTestUITests */ = {
			isa = PBXNativeTarget;
			buildConfigurationList = 4AAC37832A2F228C001D12C3 /* Build configuration list for PBXNativeTarget "MockupTestUITests" */;
			buildPhases = (
				C209C776341B7046DEC18666 /* [CP] Check Pods Manifest.lock */,
				4AAC376F2A2F228C001D12C3 /* Sources */,
				4AAC37702A2F228C001D12C3 /* Frameworks */,
				4AAC37712A2F228C001D12C3 /* Resources */,
				B5730BDE576C2ED97231E2F3 /* [CP] Embed Pods Frameworks */,
			);
			buildRules = (
			);
			dependencies = (
				4AAC37752A2F228C001D12C3 /* PBXTargetDependency */,
			);
			name = MockupTestUITests;
			productName = MockupTestUITests;
			productReference = 4AAC37732A2F228C001D12C3 /* MockupTestUITests.xctest */;
			productType = "com.apple.product-type.bundle.ui-testing";
		};
/* End PBXNativeTarget section */

/* Begin PBXProject section */
		4AAC37482A2F228A001D12C3 /* Project object */ = {
			isa = PBXProject;
			attributes = {
				BuildIndependentTargetsInParallel = 1;
				LastSwiftUpdateCheck = 1430;
				LastUpgradeCheck = 1430;
				TargetAttributes = {
					4AAC374F2A2F228A001D12C3 = {
						CreatedOnToolsVersion = 14.3;
					};
					4AAC37682A2F228C001D12C3 = {
						CreatedOnToolsVersion = 14.3;
						TestTargetID = 4AAC374F2A2F228A001D12C3;
					};
					4AAC37722A2F228C001D12C3 = {
						CreatedOnToolsVersion = 14.3;
						TestTargetID = 4AAC374F2A2F228A001D12C3;
					};
				};
			};
			buildConfigurationList = 4AAC374B2A2F228A001D12C3 /* Build configuration list for PBXProject "MockupTest" */;
			compatibilityVersion = "Xcode 14.0";
			developmentRegion = en;
			hasScannedForEncodings = 0;
			knownRegions = (
				en,
				Base,
			);
			mainGroup = 4AAC37472A2F228A001D12C3;
			packageReferences = (
				4AE11B6A2A2F2EAF00C931F0 /* XCRemoteSwiftPackageReference "lottie-ios" */,
				4AE0A3202A300B6300B7AFBB /* XCRemoteSwiftPackageReference "SkyFloatingLabelTextField" */,
				4AE0A32B2A301CA000B7AFBB /* XCRemoteSwiftPackageReference "BottomSheet" */,
				4AE0A33E2A307CEA00B7AFBB /* XCRemoteSwiftPackageReference "firebase-ios-sdk" */,
				4A8035302A3355170042A3E7 /* XCRemoteSwiftPackageReference "CHIOTPField" */,
				4A8035452A3458AA0042A3E7 /* XCRemoteSwiftPackageReference "EzPopup" */,
			);
			productRefGroup = 4AAC37512A2F228A001D12C3 /* Products */;
			projectDirPath = "";
			projectRoot = "";
			targets = (
				4AAC374F2A2F228A001D12C3 /* MockupTest */,
				4AAC37682A2F228C001D12C3 /* MockupTestTests */,
				4AAC37722A2F228C001D12C3 /* MockupTestUITests */,
			);
		};
/* End PBXProject section */

/* Begin PBXResourcesBuildPhase section */
		4AAC374E2A2F228A001D12C3 /* Resources */ = {
			isa = PBXResourcesBuildPhase;
			buildActionMask = 2147483647;
			files = (
				4AE11B742A2F40A500C931F0 /* animationLock.json in Resources */,
				4A8AC6A32A3304BF008B78CB /* ChangePassView.xib in Resources */,
				4AA2AB502A3215FE001025FA /* DashboardSelectionCell.xib in Resources */,
				4AC2D8B32A32A98F00646881 /* passwordUnlock.json in Resources */,
				4AAC37632A2F228B001D12C3 /* LaunchScreen.storyboard in Resources */,
				4A80353E2A343E2F0042A3E7 /* AccountTableViewCell.xib in Resources */,
				4AAC37602A2F228B001D12C3 /* Assets.xcassets in Resources */,
				4AE0A3252A300C9F00B7AFBB /* SignUpView.xib in Resources */,
				4AE0A3382A306CE500B7AFBB /* SignInView.xib in Resources */,
				4A8035422A3454DD0042A3E7 /* AccountSelectionView.xib in Resources */,
				4A8035342A33775F0042A3E7 /* success.json in Resources */,
				4AAC375B2A2F228A001D12C3 /* Main.storyboard in Resources */,
				4A8035362A3377890042A3E7 /* error.json in Resources */,
				4AE0A33D2A3077CF00B7AFBB /* GoogleService-Info.plist in Resources */,
			);
			runOnlyForDeploymentPostprocessing = 0;
		};
		4AAC37672A2F228C001D12C3 /* Resources */ = {
			isa = PBXResourcesBuildPhase;
			buildActionMask = 2147483647;
			files = (
			);
			runOnlyForDeploymentPostprocessing = 0;
		};
		4AAC37712A2F228C001D12C3 /* Resources */ = {
			isa = PBXResourcesBuildPhase;
			buildActionMask = 2147483647;
			files = (
			);
			runOnlyForDeploymentPostprocessing = 0;
		};
/* End PBXResourcesBuildPhase section */

/* Begin PBXShellScriptBuildPhase section */
		75F21EB1A7F87D765F9F0E71 /* [CP] Embed Pods Frameworks */ = {
			isa = PBXShellScriptBuildPhase;
			buildActionMask = 2147483647;
			files = (
			);
			inputFileListPaths = (
				"${PODS_ROOT}/Target Support Files/Pods-MockupTest/Pods-MockupTest-frameworks-${CONFIGURATION}-input-files.xcfilelist",
			);
			name = "[CP] Embed Pods Frameworks";
			outputFileListPaths = (
				"${PODS_ROOT}/Target Support Files/Pods-MockupTest/Pods-MockupTest-frameworks-${CONFIGURATION}-output-files.xcfilelist",
			);
			runOnlyForDeploymentPostprocessing = 0;
			shellPath = /bin/sh;
			shellScript = "\"${PODS_ROOT}/Target Support Files/Pods-MockupTest/Pods-MockupTest-frameworks.sh\"\n";
			showEnvVarsInLog = 0;
		};
		79B620EF9C58A6187F07D49B /* [CP] Check Pods Manifest.lock */ = {
			isa = PBXShellScriptBuildPhase;
			buildActionMask = 2147483647;
			files = (
			);
			inputFileListPaths = (
			);
			inputPaths = (
				"${PODS_PODFILE_DIR_PATH}/Podfile.lock",
				"${PODS_ROOT}/Manifest.lock",
			);
			name = "[CP] Check Pods Manifest.lock";
			outputFileListPaths = (
			);
			outputPaths = (
				"$(DERIVED_FILE_DIR)/Pods-MockupTest-checkManifestLockResult.txt",
			);
			runOnlyForDeploymentPostprocessing = 0;
			shellPath = /bin/sh;
			shellScript = "diff \"${PODS_PODFILE_DIR_PATH}/Podfile.lock\" \"${PODS_ROOT}/Manifest.lock\" > /dev/null\nif [ $? != 0 ] ; then\n    # print error to STDERR\n    echo \"error: The sandbox is not in sync with the Podfile.lock. Run 'pod install' or update your CocoaPods installation.\" >&2\n    exit 1\nfi\n# This output is used by Xcode 'outputs' to avoid re-running this script phase.\necho \"SUCCESS\" > \"${SCRIPT_OUTPUT_FILE_0}\"\n";
			showEnvVarsInLog = 0;
		};
		9EC694BDFECBDB2186DAE2CC /* [CP] Check Pods Manifest.lock */ = {
			isa = PBXShellScriptBuildPhase;
			buildActionMask = 2147483647;
			files = (
			);
			inputFileListPaths = (
			);
			inputPaths = (
				"${PODS_PODFILE_DIR_PATH}/Podfile.lock",
				"${PODS_ROOT}/Manifest.lock",
			);
			name = "[CP] Check Pods Manifest.lock";
			outputFileListPaths = (
			);
			outputPaths = (
				"$(DERIVED_FILE_DIR)/Pods-MockupTestTests-checkManifestLockResult.txt",
			);
			runOnlyForDeploymentPostprocessing = 0;
			shellPath = /bin/sh;
			shellScript = "diff \"${PODS_PODFILE_DIR_PATH}/Podfile.lock\" \"${PODS_ROOT}/Manifest.lock\" > /dev/null\nif [ $? != 0 ] ; then\n    # print error to STDERR\n    echo \"error: The sandbox is not in sync with the Podfile.lock. Run 'pod install' or update your CocoaPods installation.\" >&2\n    exit 1\nfi\n# This output is used by Xcode 'outputs' to avoid re-running this script phase.\necho \"SUCCESS\" > \"${SCRIPT_OUTPUT_FILE_0}\"\n";
			showEnvVarsInLog = 0;
		};
		B5730BDE576C2ED97231E2F3 /* [CP] Embed Pods Frameworks */ = {
			isa = PBXShellScriptBuildPhase;
			buildActionMask = 2147483647;
			files = (
			);
			inputFileListPaths = (
				"${PODS_ROOT}/Target Support Files/Pods-MockupTest-MockupTestUITests/Pods-MockupTest-MockupTestUITests-frameworks-${CONFIGURATION}-input-files.xcfilelist",
			);
			name = "[CP] Embed Pods Frameworks";
			outputFileListPaths = (
				"${PODS_ROOT}/Target Support Files/Pods-MockupTest-MockupTestUITests/Pods-MockupTest-MockupTestUITests-frameworks-${CONFIGURATION}-output-files.xcfilelist",
			);
			runOnlyForDeploymentPostprocessing = 0;
			shellPath = /bin/sh;
			shellScript = "\"${PODS_ROOT}/Target Support Files/Pods-MockupTest-MockupTestUITests/Pods-MockupTest-MockupTestUITests-frameworks.sh\"\n";
			showEnvVarsInLog = 0;
		};
		C209C776341B7046DEC18666 /* [CP] Check Pods Manifest.lock */ = {
			isa = PBXShellScriptBuildPhase;
			buildActionMask = 2147483647;
			files = (
			);
			inputFileListPaths = (
			);
			inputPaths = (
				"${PODS_PODFILE_DIR_PATH}/Podfile.lock",
				"${PODS_ROOT}/Manifest.lock",
			);
			name = "[CP] Check Pods Manifest.lock";
			outputFileListPaths = (
			);
			outputPaths = (
				"$(DERIVED_FILE_DIR)/Pods-MockupTest-MockupTestUITests-checkManifestLockResult.txt",
			);
			runOnlyForDeploymentPostprocessing = 0;
			shellPath = /bin/sh;
			shellScript = "diff \"${PODS_PODFILE_DIR_PATH}/Podfile.lock\" \"${PODS_ROOT}/Manifest.lock\" > /dev/null\nif [ $? != 0 ] ; then\n    # print error to STDERR\n    echo \"error: The sandbox is not in sync with the Podfile.lock. Run 'pod install' or update your CocoaPods installation.\" >&2\n    exit 1\nfi\n# This output is used by Xcode 'outputs' to avoid re-running this script phase.\necho \"SUCCESS\" > \"${SCRIPT_OUTPUT_FILE_0}\"\n";
			showEnvVarsInLog = 0;
		};
/* End PBXShellScriptBuildPhase section */

/* Begin PBXSourcesBuildPhase section */
		4AAC374C2A2F228A001D12C3 /* Sources */ = {
			isa = PBXSourcesBuildPhase;
			buildActionMask = 2147483647;
			files = (
				4AA4D2F52A31610600B76703 /* CoreDataStack.swift in Sources */,
				4A28C31E2A30B7710065D596 /* DashboardViewController.swift in Sources */,
				4AA4D3172A31B1F100B76703 /* CurrentUser.swift in Sources */,
				4AE0A3362A306CDA00B7AFBB /* SignInView.swift in Sources */,
				4AE11B722A2F3FF000C931F0 /* UIViewController+Extension.swift in Sources */,
				4A8035402A343E3A0042A3E7 /* AccountTableViewCell.swift in Sources */,
				4AE11B822A2F646B00C931F0 /* Action.swift in Sources */,
				4AE0A3332A3063FC00B7AFBB /* Optional+Extension.swift in Sources */,
				4AE11B762A2F5B3300C931F0 /* UIView+Extension.swift in Sources */,
				4AE0A3312A30596500B7AFBB /* UITapGestureRecognizer+Extension.swift in Sources */,
				4AA2AB522A32161D001025FA /* DashboardSelectionCell.swift in Sources */,
				4AC2D8B92A32B2A500646881 /* DashboardTabController.swift in Sources */,
				4A8AC6A12A330481008B78CB /* ChangePassView.swift in Sources */,
				4AE11B782A2F5E0F00C931F0 /* SignUpViewController.swift in Sources */,
				4AE093C72A32D1BD006F297F /* ChangePassViewController.swift in Sources */,
				4AE11B6F2A2F323B00C931F0 /* OnboardViewController.swift in Sources */,
				4AAC37582A2F228A001D12C3 /* SplashViewController.swift in Sources */,
				4AE11B802A2F638A00C931F0 /* UIButton+Extension.swift in Sources */,
				4A8035382A3413590042A3E7 /* AddAccountViewController.swift in Sources */,
				4AE11B7C2A2F61A500C931F0 /* TSViewController.swift in Sources */,
				4AE11B7A2A2F5E1E00C931F0 /* SignInViewController.swift in Sources */,
				4AAC37542A2F228A001D12C3 /* AppDelegate.swift in Sources */,
				4A80353A2A342CA70042A3E7 /* AccountController.swift in Sources */,
				4AA2AB542A3218CB001025FA /* DashboardSelection.swift in Sources */,
				4AE0A32F2A30578900B7AFBB /* NSAttributedStringExtension.swift in Sources */,
				4AE0A3272A300D9100B7AFBB /* SignUpView.swift in Sources */,
				4AE11B7E2A2F634D00C931F0 /* UIBarButton+Extension.swift in Sources */,
				4A80353C2A34371C0042A3E7 /* NewAccount.swift in Sources */,
				4AA4D3142A31B12C00B76703 /* CurrentUserController.swift in Sources */,
				4AC2D8B72A32AFFA00646881 /* SettingsViewController.swift in Sources */,
				4AA4D3092A3169F100B76703 /* MockupTest.xcdatamodeld in Sources */,
				4AAC37562A2F228A001D12C3 /* SceneDelegate.swift in Sources */,
				4A8035442A3454F00042A3E7 /* AccountSelectionView.swift in Sources */,
			);
			runOnlyForDeploymentPostprocessing = 0;
		};
		4AAC37652A2F228C001D12C3 /* Sources */ = {
			isa = PBXSourcesBuildPhase;
			buildActionMask = 2147483647;
			files = (
				4AAC376E2A2F228C001D12C3 /* MockupTestTests.swift in Sources */,
			);
			runOnlyForDeploymentPostprocessing = 0;
		};
		4AAC376F2A2F228C001D12C3 /* Sources */ = {
			isa = PBXSourcesBuildPhase;
			buildActionMask = 2147483647;
			files = (
				4AAC37782A2F228C001D12C3 /* MockupTestUITests.swift in Sources */,
				4AAC377A2A2F228C001D12C3 /* MockupTestUITestsLaunchTests.swift in Sources */,
			);
			runOnlyForDeploymentPostprocessing = 0;
		};
/* End PBXSourcesBuildPhase section */

/* Begin PBXTargetDependency section */
		4AAC376B2A2F228C001D12C3 /* PBXTargetDependency */ = {
			isa = PBXTargetDependency;
			target = 4AAC374F2A2F228A001D12C3 /* MockupTest */;
			targetProxy = 4AAC376A2A2F228C001D12C3 /* PBXContainerItemProxy */;
		};
		4AAC37752A2F228C001D12C3 /* PBXTargetDependency */ = {
			isa = PBXTargetDependency;
			target = 4AAC374F2A2F228A001D12C3 /* MockupTest */;
			targetProxy = 4AAC37742A2F228C001D12C3 /* PBXContainerItemProxy */;
		};
/* End PBXTargetDependency section */

/* Begin PBXVariantGroup section */
		4AAC37592A2F228A001D12C3 /* Main.storyboard */ = {
			isa = PBXVariantGroup;
			children = (
				4AAC375A2A2F228A001D12C3 /* Base */,
			);
			name = Main.storyboard;
			sourceTree = "<group>";
		};
		4AAC37612A2F228B001D12C3 /* LaunchScreen.storyboard */ = {
			isa = PBXVariantGroup;
			children = (
				4AAC37622A2F228B001D12C3 /* Base */,
			);
			name = LaunchScreen.storyboard;
			sourceTree = "<group>";
		};
/* End PBXVariantGroup section */

/* Begin XCBuildConfiguration section */
		4AAC377B2A2F228C001D12C3 /* Debug */ = {
			isa = XCBuildConfiguration;
			buildSettings = {
				ALWAYS_SEARCH_USER_PATHS = NO;
				CLANG_ANALYZER_NONNULL = YES;
				CLANG_ANALYZER_NUMBER_OBJECT_CONVERSION = YES_AGGRESSIVE;
				CLANG_CXX_LANGUAGE_STANDARD = "gnu++20";
				CLANG_ENABLE_MODULES = YES;
				CLANG_ENABLE_OBJC_ARC = YES;
				CLANG_ENABLE_OBJC_WEAK = YES;
				CLANG_WARN_BLOCK_CAPTURE_AUTORELEASING = YES;
				CLANG_WARN_BOOL_CONVERSION = YES;
				CLANG_WARN_COMMA = YES;
				CLANG_WARN_CONSTANT_CONVERSION = YES;
				CLANG_WARN_DEPRECATED_OBJC_IMPLEMENTATIONS = YES;
				CLANG_WARN_DIRECT_OBJC_ISA_USAGE = YES_ERROR;
				CLANG_WARN_DOCUMENTATION_COMMENTS = YES;
				CLANG_WARN_EMPTY_BODY = YES;
				CLANG_WARN_ENUM_CONVERSION = YES;
				CLANG_WARN_INFINITE_RECURSION = YES;
				CLANG_WARN_INT_CONVERSION = YES;
				CLANG_WARN_NON_LITERAL_NULL_CONVERSION = YES;
				CLANG_WARN_OBJC_IMPLICIT_RETAIN_SELF = YES;
				CLANG_WARN_OBJC_LITERAL_CONVERSION = YES;
				CLANG_WARN_OBJC_ROOT_CLASS = YES_ERROR;
				CLANG_WARN_QUOTED_INCLUDE_IN_FRAMEWORK_HEADER = YES;
				CLANG_WARN_RANGE_LOOP_ANALYSIS = YES;
				CLANG_WARN_STRICT_PROTOTYPES = YES;
				CLANG_WARN_SUSPICIOUS_MOVE = YES;
				CLANG_WARN_UNGUARDED_AVAILABILITY = YES_AGGRESSIVE;
				CLANG_WARN_UNREACHABLE_CODE = YES;
				CLANG_WARN__DUPLICATE_METHOD_MATCH = YES;
				COPY_PHASE_STRIP = NO;
				DEBUG_INFORMATION_FORMAT = dwarf;
				ENABLE_STRICT_OBJC_MSGSEND = YES;
				ENABLE_TESTABILITY = YES;
				GCC_C_LANGUAGE_STANDARD = gnu11;
				GCC_DYNAMIC_NO_PIC = NO;
				GCC_NO_COMMON_BLOCKS = YES;
				GCC_OPTIMIZATION_LEVEL = 0;
				GCC_PREPROCESSOR_DEFINITIONS = (
					"DEBUG=1",
					"$(inherited)",
				);
				GCC_WARN_64_TO_32_BIT_CONVERSION = YES;
				GCC_WARN_ABOUT_RETURN_TYPE = YES_ERROR;
				GCC_WARN_UNDECLARED_SELECTOR = YES;
				GCC_WARN_UNINITIALIZED_AUTOS = YES_AGGRESSIVE;
				GCC_WARN_UNUSED_FUNCTION = YES;
				GCC_WARN_UNUSED_VARIABLE = YES;
				IPHONEOS_DEPLOYMENT_TARGET = 16.4;
				MTL_ENABLE_DEBUG_INFO = INCLUDE_SOURCE;
				MTL_FAST_MATH = YES;
				ONLY_ACTIVE_ARCH = YES;
				SDKROOT = iphoneos;
				SWIFT_ACTIVE_COMPILATION_CONDITIONS = DEBUG;
				SWIFT_OPTIMIZATION_LEVEL = "-Onone";
			};
			name = Debug;
		};
		4AAC377C2A2F228C001D12C3 /* Release */ = {
			isa = XCBuildConfiguration;
			buildSettings = {
				ALWAYS_SEARCH_USER_PATHS = NO;
				CLANG_ANALYZER_NONNULL = YES;
				CLANG_ANALYZER_NUMBER_OBJECT_CONVERSION = YES_AGGRESSIVE;
				CLANG_CXX_LANGUAGE_STANDARD = "gnu++20";
				CLANG_ENABLE_MODULES = YES;
				CLANG_ENABLE_OBJC_ARC = YES;
				CLANG_ENABLE_OBJC_WEAK = YES;
				CLANG_WARN_BLOCK_CAPTURE_AUTORELEASING = YES;
				CLANG_WARN_BOOL_CONVERSION = YES;
				CLANG_WARN_COMMA = YES;
				CLANG_WARN_CONSTANT_CONVERSION = YES;
				CLANG_WARN_DEPRECATED_OBJC_IMPLEMENTATIONS = YES;
				CLANG_WARN_DIRECT_OBJC_ISA_USAGE = YES_ERROR;
				CLANG_WARN_DOCUMENTATION_COMMENTS = YES;
				CLANG_WARN_EMPTY_BODY = YES;
				CLANG_WARN_ENUM_CONVERSION = YES;
				CLANG_WARN_INFINITE_RECURSION = YES;
				CLANG_WARN_INT_CONVERSION = YES;
				CLANG_WARN_NON_LITERAL_NULL_CONVERSION = YES;
				CLANG_WARN_OBJC_IMPLICIT_RETAIN_SELF = YES;
				CLANG_WARN_OBJC_LITERAL_CONVERSION = YES;
				CLANG_WARN_OBJC_ROOT_CLASS = YES_ERROR;
				CLANG_WARN_QUOTED_INCLUDE_IN_FRAMEWORK_HEADER = YES;
				CLANG_WARN_RANGE_LOOP_ANALYSIS = YES;
				CLANG_WARN_STRICT_PROTOTYPES = YES;
				CLANG_WARN_SUSPICIOUS_MOVE = YES;
				CLANG_WARN_UNGUARDED_AVAILABILITY = YES_AGGRESSIVE;
				CLANG_WARN_UNREACHABLE_CODE = YES;
				CLANG_WARN__DUPLICATE_METHOD_MATCH = YES;
				COPY_PHASE_STRIP = NO;
				DEBUG_INFORMATION_FORMAT = "dwarf-with-dsym";
				ENABLE_NS_ASSERTIONS = NO;
				ENABLE_STRICT_OBJC_MSGSEND = YES;
				GCC_C_LANGUAGE_STANDARD = gnu11;
				GCC_NO_COMMON_BLOCKS = YES;
				GCC_WARN_64_TO_32_BIT_CONVERSION = YES;
				GCC_WARN_ABOUT_RETURN_TYPE = YES_ERROR;
				GCC_WARN_UNDECLARED_SELECTOR = YES;
				GCC_WARN_UNINITIALIZED_AUTOS = YES_AGGRESSIVE;
				GCC_WARN_UNUSED_FUNCTION = YES;
				GCC_WARN_UNUSED_VARIABLE = YES;
				IPHONEOS_DEPLOYMENT_TARGET = 16.4;
				MTL_ENABLE_DEBUG_INFO = NO;
				MTL_FAST_MATH = YES;
				SDKROOT = iphoneos;
				SWIFT_COMPILATION_MODE = wholemodule;
				SWIFT_OPTIMIZATION_LEVEL = "-O";
				VALIDATE_PRODUCT = YES;
			};
			name = Release;
		};
		4AAC377E2A2F228C001D12C3 /* Debug */ = {
			isa = XCBuildConfiguration;
			baseConfigurationReference = 4A0707B4756BE1D15A171202 /* Pods-MockupTest.debug.xcconfig */;
			buildSettings = {
				ASSETCATALOG_COMPILER_APPICON_NAME = AppIcon;
				ASSETCATALOG_COMPILER_GLOBAL_ACCENT_COLOR_NAME = AccentColor;
				CODE_SIGN_ENTITLEMENTS = MockupTest/MockupTest.entitlements;
				CODE_SIGN_STYLE = Automatic;
				CURRENT_PROJECT_VERSION = 1;
				DEVELOPMENT_TEAM = EFQJX82876;
				GENERATE_INFOPLIST_FILE = YES;
				INFOPLIST_FILE = MockupTest/Info.plist;
				INFOPLIST_KEY_UIApplicationSupportsIndirectInputEvents = YES;
				INFOPLIST_KEY_UILaunchStoryboardName = LaunchScreen.storyboard;
				INFOPLIST_KEY_UIMainStoryboardFile = Main;
				INFOPLIST_KEY_UIRequiresFullScreen = NO;
				INFOPLIST_KEY_UIStatusBarStyle = UIStatusBarStyleDarkContent;
				INFOPLIST_KEY_UISupportedInterfaceOrientations_iPad = "UIInterfaceOrientationPortrait UIInterfaceOrientationPortraitUpsideDown UIInterfaceOrientationLandscapeLeft UIInterfaceOrientationLandscapeRight";
				INFOPLIST_KEY_UISupportedInterfaceOrientations_iPhone = "UIInterfaceOrientationPortrait UIInterfaceOrientationLandscapeLeft UIInterfaceOrientationLandscapeRight";
				INFOPLIST_KEY_UIUserInterfaceStyle = Light;
				LD_RUNPATH_SEARCH_PATHS = (
					"$(inherited)",
					"@executable_path/Frameworks",
				);
				MARKETING_VERSION = 1.0;
				PRODUCT_BUNDLE_IDENTIFIER = com.mockup.test.MockupTest;
				PRODUCT_NAME = "$(TARGET_NAME)";
				SWIFT_EMIT_LOC_STRINGS = YES;
				SWIFT_VERSION = 5.0;
				TARGETED_DEVICE_FAMILY = "1,2";
			};
			name = Debug;
		};
		4AAC377F2A2F228C001D12C3 /* Release */ = {
			isa = XCBuildConfiguration;
			baseConfigurationReference = 54624468F8B5D436BEBA225B /* Pods-MockupTest.release.xcconfig */;
			buildSettings = {
				ASSETCATALOG_COMPILER_APPICON_NAME = AppIcon;
				ASSETCATALOG_COMPILER_GLOBAL_ACCENT_COLOR_NAME = AccentColor;
				CODE_SIGN_ENTITLEMENTS = MockupTest/MockupTest.entitlements;
				CODE_SIGN_STYLE = Automatic;
				CURRENT_PROJECT_VERSION = 1;
				DEVELOPMENT_TEAM = EFQJX82876;
				GENERATE_INFOPLIST_FILE = YES;
				INFOPLIST_FILE = MockupTest/Info.plist;
				INFOPLIST_KEY_UIApplicationSupportsIndirectInputEvents = YES;
				INFOPLIST_KEY_UILaunchStoryboardName = LaunchScreen.storyboard;
				INFOPLIST_KEY_UIMainStoryboardFile = Main;
				INFOPLIST_KEY_UIRequiresFullScreen = NO;
				INFOPLIST_KEY_UIStatusBarStyle = UIStatusBarStyleDarkContent;
				INFOPLIST_KEY_UISupportedInterfaceOrientations_iPad = "UIInterfaceOrientationPortrait UIInterfaceOrientationPortraitUpsideDown UIInterfaceOrientationLandscapeLeft UIInterfaceOrientationLandscapeRight";
				INFOPLIST_KEY_UISupportedInterfaceOrientations_iPhone = "UIInterfaceOrientationPortrait UIInterfaceOrientationLandscapeLeft UIInterfaceOrientationLandscapeRight";
				INFOPLIST_KEY_UIUserInterfaceStyle = Light;
				LD_RUNPATH_SEARCH_PATHS = (
					"$(inherited)",
					"@executable_path/Frameworks",
				);
				MARKETING_VERSION = 1.0;
				PRODUCT_BUNDLE_IDENTIFIER = com.mockup.test.MockupTest;
				PRODUCT_NAME = "$(TARGET_NAME)";
				SWIFT_EMIT_LOC_STRINGS = YES;
				SWIFT_VERSION = 5.0;
				TARGETED_DEVICE_FAMILY = "1,2";
			};
			name = Release;
		};
		4AAC37812A2F228C001D12C3 /* Debug */ = {
			isa = XCBuildConfiguration;
			baseConfigurationReference = 1B76BB1D47787A2777FC81E6 /* Pods-MockupTestTests.debug.xcconfig */;
			buildSettings = {
				ALWAYS_EMBED_SWIFT_STANDARD_LIBRARIES = YES;
				BUNDLE_LOADER = "$(TEST_HOST)";
				CODE_SIGN_STYLE = Automatic;
				CURRENT_PROJECT_VERSION = 1;
				DEVELOPMENT_TEAM = EFQJX82876;
				GENERATE_INFOPLIST_FILE = YES;
				IPHONEOS_DEPLOYMENT_TARGET = 16.4;
				MARKETING_VERSION = 1.0;
				PRODUCT_BUNDLE_IDENTIFIER = com.mockup.test.MockupTestTests;
				PRODUCT_NAME = "$(TARGET_NAME)";
				SWIFT_EMIT_LOC_STRINGS = NO;
				SWIFT_VERSION = 5.0;
				TARGETED_DEVICE_FAMILY = "1,2";
				TEST_HOST = "$(BUILT_PRODUCTS_DIR)/MockupTest.app/$(BUNDLE_EXECUTABLE_FOLDER_PATH)/MockupTest";
			};
			name = Debug;
		};
		4AAC37822A2F228C001D12C3 /* Release */ = {
			isa = XCBuildConfiguration;
			baseConfigurationReference = BAEE6DDEEB9C616D78A63880 /* Pods-MockupTestTests.release.xcconfig */;
			buildSettings = {
				ALWAYS_EMBED_SWIFT_STANDARD_LIBRARIES = YES;
				BUNDLE_LOADER = "$(TEST_HOST)";
				CODE_SIGN_STYLE = Automatic;
				CURRENT_PROJECT_VERSION = 1;
				DEVELOPMENT_TEAM = EFQJX82876;
				GENERATE_INFOPLIST_FILE = YES;
				IPHONEOS_DEPLOYMENT_TARGET = 16.4;
				MARKETING_VERSION = 1.0;
				PRODUCT_BUNDLE_IDENTIFIER = com.mockup.test.MockupTestTests;
				PRODUCT_NAME = "$(TARGET_NAME)";
				SWIFT_EMIT_LOC_STRINGS = NO;
				SWIFT_VERSION = 5.0;
				TARGETED_DEVICE_FAMILY = "1,2";
				TEST_HOST = "$(BUILT_PRODUCTS_DIR)/MockupTest.app/$(BUNDLE_EXECUTABLE_FOLDER_PATH)/MockupTest";
			};
			name = Release;
		};
		4AAC37842A2F228C001D12C3 /* Debug */ = {
			isa = XCBuildConfiguration;
			baseConfigurationReference = 01472DFEDAF8D8DC3302B57D /* Pods-MockupTest-MockupTestUITests.debug.xcconfig */;
			buildSettings = {
				ALWAYS_EMBED_SWIFT_STANDARD_LIBRARIES = YES;
				CODE_SIGN_STYLE = Automatic;
				CURRENT_PROJECT_VERSION = 1;
				DEVELOPMENT_TEAM = EFQJX82876;
				GENERATE_INFOPLIST_FILE = YES;
				MARKETING_VERSION = 1.0;
				PRODUCT_BUNDLE_IDENTIFIER = com.mockup.test.MockupTestUITests;
				PRODUCT_NAME = "$(TARGET_NAME)";
				SWIFT_EMIT_LOC_STRINGS = NO;
				SWIFT_VERSION = 5.0;
				TARGETED_DEVICE_FAMILY = "1,2";
				TEST_TARGET_NAME = MockupTest;
			};
			name = Debug;
		};
		4AAC37852A2F228C001D12C3 /* Release */ = {
			isa = XCBuildConfiguration;
			baseConfigurationReference = 2D473B4538EC1C5B4249BB6C /* Pods-MockupTest-MockupTestUITests.release.xcconfig */;
			buildSettings = {
				ALWAYS_EMBED_SWIFT_STANDARD_LIBRARIES = YES;
				CODE_SIGN_STYLE = Automatic;
				CURRENT_PROJECT_VERSION = 1;
				DEVELOPMENT_TEAM = EFQJX82876;
				GENERATE_INFOPLIST_FILE = YES;
				MARKETING_VERSION = 1.0;
				PRODUCT_BUNDLE_IDENTIFIER = com.mockup.test.MockupTestUITests;
				PRODUCT_NAME = "$(TARGET_NAME)";
				SWIFT_EMIT_LOC_STRINGS = NO;
				SWIFT_VERSION = 5.0;
				TARGETED_DEVICE_FAMILY = "1,2";
				TEST_TARGET_NAME = MockupTest;
			};
			name = Release;
		};
/* End XCBuildConfiguration section */

/* Begin XCConfigurationList section */
		4AAC374B2A2F228A001D12C3 /* Build configuration list for PBXProject "MockupTest" */ = {
			isa = XCConfigurationList;
			buildConfigurations = (
				4AAC377B2A2F228C001D12C3 /* Debug */,
				4AAC377C2A2F228C001D12C3 /* Release */,
			);
			defaultConfigurationIsVisible = 0;
			defaultConfigurationName = Release;
		};
		4AAC377D2A2F228C001D12C3 /* Build configuration list for PBXNativeTarget "MockupTest" */ = {
			isa = XCConfigurationList;
			buildConfigurations = (
				4AAC377E2A2F228C001D12C3 /* Debug */,
				4AAC377F2A2F228C001D12C3 /* Release */,
			);
			defaultConfigurationIsVisible = 0;
			defaultConfigurationName = Release;
		};
		4AAC37802A2F228C001D12C3 /* Build configuration list for PBXNativeTarget "MockupTestTests" */ = {
			isa = XCConfigurationList;
			buildConfigurations = (
				4AAC37812A2F228C001D12C3 /* Debug */,
				4AAC37822A2F228C001D12C3 /* Release */,
			);
			defaultConfigurationIsVisible = 0;
			defaultConfigurationName = Release;
		};
		4AAC37832A2F228C001D12C3 /* Build configuration list for PBXNativeTarget "MockupTestUITests" */ = {
			isa = XCConfigurationList;
			buildConfigurations = (
				4AAC37842A2F228C001D12C3 /* Debug */,
				4AAC37852A2F228C001D12C3 /* Release */,
			);
			defaultConfigurationIsVisible = 0;
			defaultConfigurationName = Release;
		};
/* End XCConfigurationList section */

/* Begin XCRemoteSwiftPackageReference section */
		4A8035302A3355170042A3E7 /* XCRemoteSwiftPackageReference "CHIOTPField" */ = {
			isa = XCRemoteSwiftPackageReference;
			repositoryURL = "https://github.com/ChiliLabs/CHIOTPField.git";
			requirement = {
				kind = upToNextMajorVersion;
				minimumVersion = 0.1.0;
			};
		};
		4A8035452A3458AA0042A3E7 /* XCRemoteSwiftPackageReference "EzPopup" */ = {
			isa = XCRemoteSwiftPackageReference;
			repositoryURL = "https://github.com/huynguyencong/EzPopup";
			requirement = {
				kind = upToNextMajorVersion;
				minimumVersion = 1.0.0;
			};
		};
		4AE0A3202A300B6300B7AFBB /* XCRemoteSwiftPackageReference "SkyFloatingLabelTextField" */ = {
			isa = XCRemoteSwiftPackageReference;
			repositoryURL = "https://github.com/Skyscanner/SkyFloatingLabelTextField";
			requirement = {
				kind = upToNextMajorVersion;
				minimumVersion = 4.0.0;
			};
		};
		4AE0A32B2A301CA000B7AFBB /* XCRemoteSwiftPackageReference "BottomSheet" */ = {
			isa = XCRemoteSwiftPackageReference;
			repositoryURL = "https://github.com/finn-no/BottomSheet";
			requirement = {
				kind = upToNextMajorVersion;
				minimumVersion = 5.0.0;
			};
		};
		4AE0A33E2A307CEA00B7AFBB /* XCRemoteSwiftPackageReference "firebase-ios-sdk" */ = {
			isa = XCRemoteSwiftPackageReference;
			repositoryURL = "https://github.com/firebase/firebase-ios-sdk";
			requirement = {
				kind = upToNextMajorVersion;
				minimumVersion = 10.0.0;
			};
		};
		4AE11B6A2A2F2EAF00C931F0 /* XCRemoteSwiftPackageReference "lottie-ios" */ = {
			isa = XCRemoteSwiftPackageReference;
			repositoryURL = "https://github.com/airbnb/lottie-ios";
			requirement = {
				kind = upToNextMajorVersion;
				minimumVersion = 4.0.0;
			};
		};
/* End XCRemoteSwiftPackageReference section */

/* Begin XCSwiftPackageProductDependency section */
		4A8035312A3355170042A3E7 /* CHIOTPField */ = {
			isa = XCSwiftPackageProductDependency;
			package = 4A8035302A3355170042A3E7 /* XCRemoteSwiftPackageReference "CHIOTPField" */;
			productName = CHIOTPField;
		};
		4A8035462A3458AA0042A3E7 /* EzPopup */ = {
			isa = XCSwiftPackageProductDependency;
			package = 4A8035452A3458AA0042A3E7 /* XCRemoteSwiftPackageReference "EzPopup" */;
			productName = EzPopup;
		};
		4AE0A3212A300B6300B7AFBB /* SkyFloatingLabelTextField */ = {
			isa = XCSwiftPackageProductDependency;
			package = 4AE0A3202A300B6300B7AFBB /* XCRemoteSwiftPackageReference "SkyFloatingLabelTextField" */;
			productName = SkyFloatingLabelTextField;
		};
		4AE0A32C2A301CA000B7AFBB /* FINNBottomSheet */ = {
			isa = XCSwiftPackageProductDependency;
			package = 4AE0A32B2A301CA000B7AFBB /* XCRemoteSwiftPackageReference "BottomSheet" */;
			productName = FINNBottomSheet;
		};
		4AE0A33F2A307CEA00B7AFBB /* FirebaseAnalytics */ = {
			isa = XCSwiftPackageProductDependency;
			package = 4AE0A33E2A307CEA00B7AFBB /* XCRemoteSwiftPackageReference "firebase-ios-sdk" */;
			productName = FirebaseAnalytics;
		};
		4AE0A3412A307CEA00B7AFBB /* FirebaseAnalyticsWithoutAdIdSupport */ = {
			isa = XCSwiftPackageProductDependency;
			package = 4AE0A33E2A307CEA00B7AFBB /* XCRemoteSwiftPackageReference "firebase-ios-sdk" */;
			productName = FirebaseAnalyticsWithoutAdIdSupport;
		};
		4AE0A3432A307CEA00B7AFBB /* FirebaseAuth */ = {
			isa = XCSwiftPackageProductDependency;
			package = 4AE0A33E2A307CEA00B7AFBB /* XCRemoteSwiftPackageReference "firebase-ios-sdk" */;
			productName = FirebaseAuth;
		};
		4AE11B6B2A2F2EAF00C931F0 /* Lottie */ = {
			isa = XCSwiftPackageProductDependency;
			package = 4AE11B6A2A2F2EAF00C931F0 /* XCRemoteSwiftPackageReference "lottie-ios" */;
			productName = Lottie;
		};
/* End XCSwiftPackageProductDependency section */

/* Begin XCVersionGroup section */
		4AA4D2F02A31603F00B76703 /* MockupTest.xcdatamodeld */ = {
			isa = XCVersionGroup;
			children = (
				4AA4D2F12A31603F00B76703 /* MockupTest.xcdatamodel */,
			);
			currentVersion = 4AA4D2F12A31603F00B76703 /* MockupTest.xcdatamodel */;
			path = MockupTest.xcdatamodeld;
			sourceTree = "<group>";
			versionGroupType = wrapper.xcdatamodel;
		};
/* End XCVersionGroup section */
	};
	rootObject = 4AAC37482A2F228A001D12C3 /* Project object */;
}
